
Microsoft Visual Studio Solution File, Format Version 12.00
# Visual Studio 14
VisualStudioVersion = 14.0.23107.0
MinimumVisualStudioVersion = 10.0.40219.1
Project("{FAE04EC0-301F-11D3-BF4B-00C04F79EFBC}") = "DWD.Crawler", "DWD.Crawler\DWD.Crawler.csproj", "{C4D086AC-21ED-433C-8764-F8E78E74408D}"
EndProject
Project("{FAE04EC0-301F-11D3-BF4B-00C04F79EFBC}") = "DWD.Console", "DWD.Console\DWD.Console.csproj", "{5CBB3C1D-88F9-4B20-9B8D-FBEAF9C1B678}"
EndProject
Project("{2150E333-8FDC-42A3-9474-1A3956D46DE8}") = "Solution Items", "Solution Items", "{66A29A3B-E7AB-47D6-B197-C17156B4553A}"
	ProjectSection(SolutionItems) = preProject
		README.md = README.md
	EndProjectSection
EndProject
Project("{FAE04EC0-301F-11D3-BF4B-00C04F79EFBC}") = "DWD.Charting", "DWD.Charting\DWD.Charting.csproj", "{10AA3065-AC86-4494-8DF3-BC4C48DDB1A6}"
EndProject
Project("{FAE04EC0-301F-11D3-BF4B-00C04F79EFBC}") = "DWD.UI", "DWD.UI\DWD.UI.csproj", "{79AB8678-0E2E-47AB-9BB7-967FFD328DE6}"
EndProject
Project("{FAE04EC0-301F-11D3-BF4B-00C04F79EFBC}") = "DWD.Crawler.Tests", "DWD.Crawler.Tests\DWD.Crawler.Tests.csproj", "{468718FC-205A-4199-80C4-E226D19CDDAB}"
EndProject
Global
	GlobalSection(SolutionConfigurationPlatforms) = preSolution
		Debug|Any CPU = Debug|Any CPU
		Release|Any CPU = Release|Any CPU
	EndGlobalSection
	GlobalSection(ProjectConfigurationPlatforms) = postSolution
		{C4D086AC-21ED-433C-8764-F8E78E74408D}.Debug|Any CPU.ActiveCfg = Debug|Any CPU
		{C4D086AC-21ED-433C-8764-F8E78E74408D}.Debug|Any CPU.Build.0 = Debug|Any CPU
		{C4D086AC-21ED-433C-8764-F8E78E74408D}.Release|Any CPU.ActiveCfg = Release|Any CPU
		{C4D086AC-21ED-433C-8764-F8E78E74408D}.Release|Any CPU.Build.0 = Release|Any CPU
		{5CBB3C1D-88F9-4B20-9B8D-FBEAF9C1B678}.Debug|Any CPU.ActiveCfg = Debug|Any CPU
		{5CBB3C1D-88F9-4B20-9B8D-FBEAF9C1B678}.Debug|Any CPU.Build.0 = Debug|Any CPU
		{5CBB3C1D-88F9-4B20-9B8D-FBEAF9C1B678}.Release|Any CPU.ActiveCfg = Release|Any CPU
		{5CBB3C1D-88F9-4B20-9B8D-FBEAF9C1B678}.Release|Any CPU.Build.0 = Release|Any CPU
		{10AA3065-AC86-4494-8DF3-BC4C48DDB1A6}.Debug|Any CPU.ActiveCfg = Debug|Any CPU
		{10AA3065-AC86-4494-8DF3-BC4C48DDB1A6}.Debug|Any CPU.Build.0 = Debug|Any CPU
		{10AA3065-AC86-4494-8DF3-BC4C48DDB1A6}.Release|Any CPU.ActiveCfg = Release|Any CPU
		{10AA3065-AC86-4494-8DF3-BC4C48DDB1A6}.Release|Any CPU.Build.0 = Release|Any CPU
		{79AB8678-0E2E-47AB-9BB7-967FFD328DE6}.Debug|Any CPU.ActiveCfg = Debug|Any CPU
		{79AB8678-0E2E-47AB-9BB7-967FFD328DE6}.Debug|Any CPU.Build.0 = Debug|Any CPU
		{79AB8678-0E2E-47AB-9BB7-967FFD328DE6}.Release|Any CPU.ActiveCfg = Release|Any CPU
		{79AB8678-0E2E-47AB-9BB7-967FFD328DE6}.Release|Any CPU.Build.0 = Release|Any CPU
		{468718FC-205A-4199-80C4-E226D19CDDAB}.Debug|Any CPU.ActiveCfg = Debug|Any CPU
		{468718FC-205A-4199-80C4-E226D19CDDAB}.Debug|Any CPU.Build.0 = Debug|Any CPU
		{468718FC-205A-4199-80C4-E226D19CDDAB}.Release|Any CPU.ActiveCfg = Release|Any CPU
		{468718FC-205A-4199-80C4-E226D19CDDAB}.Release|Any CPU.Build.0 = Release|Any CPU
	EndGlobalSection
	GlobalSection(SolutionProperties) = preSolution
		HideSolutionNode = FALSE
	EndGlobalSection
EndGlobal
